
Microsoft Visual Studio Solution File, Format Version 12.00
# Visual Studio Version 17
VisualStudioVersion = 17.6.33829.357
MinimumVisualStudioVersion = 10.0.40219.1
Project("{FAE04EC0-301F-11D3-BF4B-00C04F79EFBC}") = "rent", "rent\rent.csproj", "{B422243E-63A8-4CFE-B0D9-7B0961F9FEF9}"
EndProject
Global
	GlobalSection(SolutionConfigurationPlatforms) = preSolution
		Debug|Any CPU = Debug|Any CPU
		Release|Any CPU = Release|Any CPU
	EndGlobalSection
	GlobalSection(ProjectConfigurationPlatforms) = postSolution
		{B422243E-63A8-4CFE-B0D9-7B0961F9FEF9}.Debug|Any CPU.ActiveCfg = Debug|Any CPU
		{B422243E-63A8-4CFE-B0D9-7B0961F9FEF9}.Debug|Any CPU.Build.0 = Debug|Any CPU
		{B422243E-63A8-4CFE-B0D9-7B0961F9FEF9}.Release|Any CPU.ActiveCfg = Release|Any CPU
		{B422243E-63A8-4CFE-B0D9-7B0961F9FEF9}.Release|Any CPU.Build.0 = Release|Any CPU
	EndGlobalSection
	GlobalSection(SolutionProperties) = preSolution
		HideSolutionNode = FALSE
	EndGlobalSection
	GlobalSection(ExtensibilityGlobals) = postSolution
		SolutionGuid = {5A574954-0BD0-4E16-A318-44D76B744A7E}
	EndGlobalSection
EndGlobal
